PODS:
  - AwesomeKeyPath (0.4.2):
    - AwesomeKeyPath/Kit (= 0.4.2)
    - AwesomeKeyPath/Validation (= 0.4.2)
  - AwesomeKeyPath/Kit (0.4.2)
  - AwesomeKeyPath/Validation (0.4.2)

DEPENDENCIES:
  - AwesomeKeyPath (from `../`)

EXTERNAL SOURCES:
  AwesomeKeyPath:
    :path: "../"

SPEC CHECKSUMS:
  AwesomeKeyPath: 86c7b6fd4fd032c9947ed788b2baa1a0a21ec5fd

PODFILE CHECKSUM: a92c8a67c77383a0e429de1f6763df08792d35f5

COCOAPODS: 1.9.3
