PODS:
  - AwesomeKeyPath (0.3.5):
    - AwesomeKeyPath/Closure (= 0.3.5)
    - AwesomeKeyPath/Collection (= 0.3.5)
    - AwesomeKeyPath/Validation (= 0.3.5)
  - AwesomeKeyPath/Closure (0.3.5)
  - AwesomeKeyPath/Collection (0.3.5)
  - AwesomeKeyPath/Validation (0.3.5)

DEPENDENCIES:
  - AwesomeKeyPath (from `../`)

EXTERNAL SOURCES:
  AwesomeKeyPath:
    :path: "../"

SPEC CHECKSUMS:
  AwesomeKeyPath: dc0ad687d5e2707fe5d08231bf3f377d827527e7

PODFILE CHECKSUM: a92c8a67c77383a0e429de1f6763df08792d35f5

COCOAPODS: 1.9.3
